// !$*UTF8*$!
{
	archiveVersion = 1;
	classes = {
	};
	objectVersion = 46;
	objects = {

/* Begin PBXBuildFile section */
		B839DA3B1C7D5C2000AF873B /* main.m in Sources */ = {isa = PBXBuildFile; fileRef = B839DA3A1C7D5C2000AF873B /* main.m */; };
		B839DA3E1C7D5C2000AF873B /* AppDelegate.m in Sources */ = {isa = PBXBuildFile; fileRef = B839DA3D1C7D5C2000AF873B /* AppDelegate.m */; };
		B839DA411C7D5C2000AF873B /* ViewController.m in Sources */ = {isa = PBXBuildFile; fileRef = B839DA401C7D5C2000AF873B /* ViewController.m */; };
		B839DA461C7D5C2000AF873B /* Assets.xcassets in Resources */ = {isa = PBXBuildFile; fileRef = B839DA451C7D5C2000AF873B /* Assets.xcassets */; };
		B839DA491C7D5C2000AF873B /* LaunchScreen.storyboard in Resources */ = {isa = PBXBuildFile; fileRef = B839DA471C7D5C2000AF873B /* LaunchScreen.storyboard */; };
		B8F1FC111C892D4C003C6AE6 /* Web in Resources */ = {isa = PBXBuildFile; fileRef = B8F1FC101C892D4C003C6AE6 /* Web */; };
		F01748D18A95EB37BB726843 /* libPods.a in Frameworks */ = {isa = PBXBuildFile; fileRef = DC9229BD3EEDE887620F3378 /* libPods.a */; };
/* End PBXBuildFile section */

/* Begin PBXFileReference section */
		A94C1850D4B85356147DA3C0 /* Pods.release.xcconfig */ = {isa = PBXFileReference; includeInIndex = 1; lastKnownFileType = text.xcconfig; name = Pods.release.xcconfig; path = "Pods/Target Support Files/Pods/Pods.release.xcconfig"; sourceTree = "<group>"; };
		AFB189C4C7DC35CDBA4F4B75 /* Pods.debug.xcconfig */ = {isa = PBXFileReference; includeInIndex = 1; lastKnownFileType = text.xcconfig; name = Pods.debug.xcconfig; path = "Pods/Target Support Files/Pods/Pods.debug.xcconfig"; sourceTree = "<group>"; };
		B839DA361C7D5C2000AF873B /* AddIconToHome.app */ = {isa = PBXFileReference; explicitFileType = wrapper.application; includeInIndex = 0; path = AddIconToHome.app; sourceTree = BUILT_PRODUCTS_DIR; };
		B839DA3A1C7D5C2000AF873B /* main.m */ = {isa = PBXFileReference; lastKnownFileType = sourcecode.c.objc; path = main.m; sourceTree = "<group>"; };
		B839DA3C1C7D5C2000AF873B /* AppDelegate.h */ = {isa = PBXFileReference; lastKnownFileType = sourcecode.c.h; path = AppDelegate.h; sourceTree = "<group>"; };
		B839DA3D1C7D5C2000AF873B /* AppDelegate.m */ = {isa = PBXFileReference; lastKnownFileType = sourcecode.c.objc; path = AppDelegate.m; sourceTree = "<group>"; };
		B839DA3F1C7D5C2000AF873B /* ViewController.h */ = {isa = PBXFileReference; lastKnownFileType = sourcecode.c.h; path = ViewController.h; sourceTree = "<group>"; };
		B839DA401C7D5C2000AF873B /* ViewController.m */ = {isa = PBXFileReference; lastKnownFileType = sourcecode.c.objc; path = ViewController.m; sourceTree = "<group>"; };
		B839DA451C7D5C2000AF873B /* Assets.xcassets */ = {isa = PBXFileReference; lastKnownFileType = folder.assetcatalog; path = Assets.xcassets; sourceTree = "<group>"; };
		B839DA481C7D5C2000AF873B /* Base */ = {isa = PBXFileReference; lastKnownFileType = file.storyboard; name = Base; path = Base.lproj/LaunchScreen.storyboard; sourceTree = "<group>"; };
		B839DA4A1C7D5C2000AF873B /* Info.plist */ = {isa = PBXFileReference; lastKnownFileType = text.plist.xml; path = Info.plist; sourceTree = "<group>"; };
		B8F1FC101C892D4C003C6AE6 /* Web */ = {isa = PBXFileReference; lastKnownFileType = folder; name = Web; path = AddIconToHome/Web; sourceTree = "<group>"; };
		DC9229BD3EEDE887620F3378 /* libPods.a */ = {isa = PBXFileReference; explicitFileType = archive.ar; includeInIndex = 0; path = libPods.a; sourceTree = BUILT_PRODUCTS_DIR; };
/* End PBXFileReference section */

/* Begin PBXFrameworksBuildPhase section */
		B839DA331C7D5C2000AF873B /* Frameworks */ = {
			isa = PBXFrameworksBuildPhase;
			buildActionMask = 2147483647;
			files = (
				F01748D18A95EB37BB726843 /* libPods.a in Frameworks */,
			);
			runOnlyForDeploymentPostprocessing = 0;
		};
/* End PBXFrameworksBuildPhase section */

/* Begin PBXGroup section */
		632829F9ACEE7B8930EA8AAE /* Pods */ = {
			isa = PBXGroup;
			children = (
				AFB189C4C7DC35CDBA4F4B75 /* Pods.debug.xcconfig */,
				A94C1850D4B85356147DA3C0 /* Pods.release.xcconfig */,
			);
			name = Pods;
			sourceTree = "<group>";
		};
		B839DA2D1C7D5C2000AF873B = {
			isa = PBXGroup;
			children = (
				B8F1FC101C892D4C003C6AE6 /* Web */,
				B839DA381C7D5C2000AF873B /* AddIconToHome */,
				B839DA371C7D5C2000AF873B /* Products */,
				632829F9ACEE7B8930EA8AAE /* Pods */,
				E9CD7D2D5DED4E3C74997A5B /* Frameworks */,
			);
			sourceTree = "<group>";
		};
		B839DA371C7D5C2000AF873B /* Products */ = {
			isa = PBXGroup;
			children = (
				B839DA361C7D5C2000AF873B /* AddIconToHome.app */,
			);
			name = Products;
			sourceTree = "<group>";
		};
		B839DA381C7D5C2000AF873B /* AddIconToHome */ = {
			isa = PBXGroup;
			children = (
				B839DA3C1C7D5C2000AF873B /* AppDelegate.h */,
				B839DA3D1C7D5C2000AF873B /* AppDelegate.m */,
				B839DA3F1C7D5C2000AF873B /* ViewController.h */,
				B839DA401C7D5C2000AF873B /* ViewController.m */,
				B839DA451C7D5C2000AF873B /* Assets.xcassets */,
				B839DA471C7D5C2000AF873B /* LaunchScreen.storyboard */,
				B839DA4A1C7D5C2000AF873B /* Info.plist */,
				B839DA391C7D5C2000AF873B /* Supporting Files */,
			);
			path = AddIconToHome;
			sourceTree = "<group>";
		};
		B839DA391C7D5C2000AF873B /* Supporting Files */ = {
			isa = PBXGroup;
			children = (
				B839DA3A1C7D5C2000AF873B /* main.m */,
			);
			name = "Supporting Files";
			sourceTree = "<group>";
		};
		E9CD7D2D5DED4E3C74997A5B /* Frameworks */ = {
			isa = PBXGroup;
			children = (
				DC9229BD3EEDE887620F3378 /* libPods.a */,
			);
			name = Frameworks;
			sourceTree = "<group>";
		};
/* End PBXGroup section */

/* Begin PBXNativeTarget section */
		B839DA351C7D5C2000AF873B /* AddIconToHome */ = {
			isa = PBXNativeTarget;
			buildConfigurationList = B839DA4D1C7D5C2000AF873B /* Build configuration list for PBXNativeTarget "AddIconToHome" */;
			buildPhases = (
				539539C0A91F2858752689F6 /* Check Pods Manifest.lock */,
				B839DA321C7D5C2000AF873B /* Sources */,
				B839DA331C7D5C2000AF873B /* Frameworks */,
				B839DA341C7D5C2000AF873B /* Resources */,
				062F2C3CDC00C8B6826282CF /* Embed Pods Frameworks */,
				CD39C6D1BE39C8F9EC4E19C3 /* Copy Pods Resources */,
			);
			buildRules = (
			);
			dependencies = (
			);
			name = AddIconToHome;
			productName = AddIconToHome;
			productReference = B839DA361C7D5C2000AF873B /* AddIconToHome.app */;
			productType = "com.apple.product-type.application";
		};
/* End PBXNativeTarget section */

/* Begin PBXProject section */
		B839DA2E1C7D5C2000AF873B /* Project object */ = {
			isa = PBXProject;
			attributes = {
				LastUpgradeCheck = 0720;
				ORGANIZATIONNAME = Dwight;
				TargetAttributes = {
					B839DA351C7D5C2000AF873B = {
						CreatedOnToolsVersion = 7.2;
						DevelopmentTeam = 6XB2PBHRRB;
					};
				};
			};
			buildConfigurationList = B839DA311C7D5C2000AF873B /* Build configuration list for PBXProject "AddIconToHome" */;
			compatibilityVersion = "Xcode 3.2";
			developmentRegion = English;
			hasScannedForEncodings = 0;
			knownRegions = (
				en,
				Base,
			);
			mainGroup = B839DA2D1C7D5C2000AF873B;
			productRefGroup = B839DA371C7D5C2000AF873B /* Products */;
			projectDirPath = "";
			projectRoot = "";
			targets = (
				B839DA351C7D5C2000AF873B /* AddIconToHome */,
			);
		};
/* End PBXProject section */

/* Begin PBXResourcesBuildPhase section */
		B839DA341C7D5C2000AF873B /* Resources */ = {
			isa = PBXResourcesBuildPhase;
			buildActionMask = 2147483647;
			files = (
				B8F1FC111C892D4C003C6AE6 /* Web in Resources */,
				B839DA491C7D5C2000AF873B /* LaunchScreen.storyboard in Resources */,
				B839DA461C7D5C2000AF873B /* Assets.xcassets in Resources */,
			);
			runOnlyForDeploymentPostprocessing = 0;
		};
/* End PBXResourcesBuildPhase section */

/* Begin PBXShellScriptBuildPhase section */
		062F2C3CDC00C8B6826282CF /* Embed Pods Frameworks */ = {
			isa = PBXShellScriptBuildPhase;
			buildActionMask = 2147483647;
			files = (
			);
			inputPaths = (
			);
			name = "Embed Pods Frameworks";
			outputPaths = (
			);
			runOnlyForDeploymentPostprocessing = 0;
			shellPath = /bin/sh;
			shellScript = "\"${SRCROOT}/Pods/Target Support Files/Pods/Pods-frameworks.sh\"\n";
			showEnvVarsInLog = 0;
		};
		539539C0A91F2858752689F6 /* Check Pods Manifest.lock */ = {
			isa = PBXShellScriptBuildPhase;
			buildActionMask = 2147483647;
			files = (
			);
			inputPaths = (
			);
			name = "Check Pods Manifest.lock";
			outputPaths = (
			);
			runOnlyForDeploymentPostprocessing = 0;
			shellPath = /bin/sh;
			shellScript = "diff \"${PODS_ROOT}/../Podfile.lock\" \"${PODS_ROOT}/Manifest.lock\" > /dev/null\nif [[ $? != 0 ]] ; then\n    cat << EOM\nerror: The sandbox is not in sync with the Podfile.lock. Run 'pod install' or update your CocoaPods installation.\nEOM\n    exit 1\nfi\n";
			showEnvVarsInLog = 0;
		};
		CD39C6D1BE39C8F9EC4E19C3 /* Copy Pods Resources */ = {
			isa = PBXShellScriptBuildPhase;
			buildActionMask = 2147483647;
			files = (
			);
			inputPaths = (
			);
			name = "Copy Pods Resources";
			outputPaths = (
			);
			runOnlyForDeploymentPostprocessing = 0;
			shellPath = /bin/sh;
			shellScript = "\"${SRCROOT}/Pods/Target Support Files/Pods/Pods-resources.sh\"\n";
			showEnvVarsInLog = 0;
		};
/* End PBXShellScriptBuildPhase section */

/* Begin PBXSourcesBuildPhase section */
		B839DA321C7D5C2000AF873B /* Sources */ = {
			isa = PBXSourcesBuildPhase;
			buildActionMask = 2147483647;
			files = (
				B839DA411C7D5C2000AF873B /* ViewController.m in Sources */,
				B839DA3E1C7D5C2000AF873B /* AppDelegate.m in Sources */,
				B839DA3B1C7D5C2000AF873B /* main.m in Sources */,
			);
			runOnlyForDeploymentPostprocessing = 0;
		};
/* End PBXSourcesBuildPhase section */

/* Begin PBXVariantGroup section */
		B839DA471C7D5C2000AF873B /* LaunchScreen.storyboard */ = {
			isa = PBXVariantGroup;
			children = (
				B839DA481C7D5C2000AF873B /* Base */,
			);
			name = LaunchScreen.storyboard;
			sourceTree = "<group>";
		};
/* End PBXVariantGroup section */

/* Begin XCBuildConfiguration section */
		B839DA4B1C7D5C2000AF873B /* Debug */ = {
			isa = XCBuildConfiguration;
			buildSettings = {
				ALWAYS_SEARCH_USER_PATHS = NO;
				CLANG_CXX_LANGUAGE_STANDARD = "gnu++0x";
				CLANG_CXX_LIBRARY = "libc++";
				CLANG_ENABLE_MODULES = YES;
				CLANG_ENABLE_OBJC_ARC = YES;
				CLANG_WARN_BOOL_CONVERSION = YES;
				CLANG_WARN_CONSTANT_CONVERSION = YES;
				CLANG_WARN_DIRECT_OBJC_ISA_USAGE = YES_ERROR;
				CLANG_WARN_EMPTY_BODY = YES;
				CLANG_WARN_ENUM_CONVERSION = YES;
				CLANG_WARN_INT_CONVERSION = YES;
				CLANG_WARN_OBJC_ROOT_CLASS = YES_ERROR;
				CLANG_WARN_UNREACHABLE_CODE = YES;
				CLANG_WARN__DUPLICATE_METHOD_MATCH = YES;
				"CODE_SIGN_IDENTITY[sdk=iphoneos*]" = "iPhone Developer";
				COPY_PHASE_STRIP = NO;
				DEBUG_INFORMATION_FORMAT = dwarf;
				ENABLE_STRICT_OBJC_MSGSEND = YES;
				ENABLE_TESTABILITY = YES;
				GCC_C_LANGUAGE_STANDARD = gnu99;
				GCC_DYNAMIC_NO_PIC = NO;
				GCC_NO_COMMON_BLOCKS = YES;
				GCC_OPTIMIZATION_LEVEL = 0;
				GCC_PREPROCESSOR_DEFINITIONS = (
					"DEBUG=1",
					"$(inherited)",
				);
				GCC_WARN_64_TO_32_BIT_CONVERSION = YES;
				GCC_WARN_ABOUT_RETURN_TYPE = YES_ERROR;
				GCC_WARN_UNDECLARED_SELECTOR = YES;
				GCC_WARN_UNINITIALIZED_AUTOS = YES_AGGRESSIVE;
				GCC_WARN_UNUSED_FUNCTION = YES;
				GCC_WARN_UNUSED_VARIABLE = YES;
				IPHONEOS_DEPLOYMENT_TARGET = 9.2;
				MTL_ENABLE_DEBUG_INFO = YES;
				ONLY_ACTIVE_ARCH = YES;
				SDKROOT = iphoneos;
			};
			name = Debug;
		};
		B839DA4C1C7D5C2000AF873B /* Release */ = {
			isa = XCBuildConfiguration;
			buildSettings = {
				ALWAYS_SEARCH_USER_PATHS = NO;
				CLANG_CXX_LANGUAGE_STANDARD = "gnu++0x";
				CLANG_CXX_LIBRARY = "libc++";
				CLANG_ENABLE_MODULES = YES;
				CLANG_ENABLE_OBJC_ARC = YES;
				CLANG_WARN_BOOL_CONVERSION = YES;
				CLANG_WARN_CONSTANT_CONVERSION = YES;
				CLANG_WARN_DIRECT_OBJC_ISA_USAGE = YES_ERROR;
				CLANG_WARN_EMPTY_BODY = YES;
				CLANG_WARN_ENUM_CONVERSION = YES;
				CLANG_WARN_INT_CONVERSION = YES;
				CLANG_WARN_OBJC_ROOT_CLASS = YES_ERROR;
				CLANG_WARN_UNREACHABLE_CODE = YES;
				CLANG_WARN__DUPLICATE_METHOD_MATCH = YES;
				"CODE_SIGN_IDENTITY[sdk=iphoneos*]" = "iPhone Developer";
				COPY_PHASE_STRIP = NO;
				DEBUG_INFORMATION_FORMAT = "dwarf-with-dsym";
				ENABLE_NS_ASSERTIONS = NO;
				ENABLE_STRICT_OBJC_MSGSEND = YES;
				GCC_C_LANGUAGE_STANDARD = gnu99;
				GCC_NO_COMMON_BLOCKS = YES;
				GCC_WARN_64_TO_32_BIT_CONVERSION = YES;
				GCC_WARN_ABOUT_RETURN_TYPE = YES_ERROR;
				GCC_WARN_UNDECLARED_SELECTOR = YES;
				GCC_WARN_UNINITIALIZED_AUTOS = YES_AGGRESSIVE;
				GCC_WARN_UNUSED_FUNCTION = YES;
				GCC_WARN_UNUSED_VARIABLE = YES;
				IPHONEOS_DEPLOYMENT_TARGET = 9.2;
				MTL_ENABLE_DEBUG_INFO = NO;
				SDKROOT = iphoneos;
				VALIDATE_PRODUCT = YES;
			};
			name = Release;
		};
		B839DA4E1C7D5C2000AF873B /* Debug */ = {
			isa = XCBuildConfiguration;
			baseConfigurationReference = AFB189C4C7DC35CDBA4F4B75 /* Pods.debug.xcconfig */;
			buildSettings = {
				ASSETCATALOG_COMPILER_APPICON_NAME = AppIcon;
				DEVELOPMENT_TEAM = 6XB2PBHRRB;
				INFOPLIST_FILE = AddIconToHome/Info.plist;
				LD_RUNPATH_SEARCH_PATHS = "$(inherited) @executable_path/Frameworks";
				PRODUCT_BUNDLE_IDENTIFIER = com.516680.ww;
				PRODUCT_NAME = "$(TARGET_NAME)";
			};
			name = Debug;
		};
		B839DA4F1C7D5C2000AF873B /* Release */ = {
			isa = XCBuildConfiguration;
			baseConfigurationReference = A94C1850D4B85356147DA3C0 /* Pods.release.xcconfig */;
			buildSettings = {
				ASSETCATALOG_COMPILER_APPICON_NAME = AppIcon;
				DEVELOPMENT_TEAM = 6XB2PBHRRB;
				INFOPLIST_FILE = AddIconToHome/Info.plist;
				LD_RUNPATH_SEARCH_PATHS = "$(inherited) @executable_path/Frameworks";
				PRODUCT_BUNDLE_IDENTIFIER = com.516680.ww;
				PRODUCT_NAME = "$(TARGET_NAME)";
			};
			name = Release;
		};
/* End XCBuildConfiguration section */

/* Begin XCConfigurationList section */
		B839DA311C7D5C2000AF873B /* Build configuration list for PBXProject "AddIconToHome" */ = {
			isa = XCConfigurationList;
			buildConfigurations = (
				B839DA4B1C7D5C2000AF873B /* Debug */,
				B839DA4C1C7D5C2000AF873B /* Release */,
			);
			defaultConfigurationIsVisible = 0;
			defaultConfigurationName = Release;
		};
		B839DA4D1C7D5C2000AF873B /* Build configuration list for PBXNativeTarget "AddIconToHome" */ = {
			isa = XCConfigurationList;
			buildConfigurations = (
				B839DA4E1C7D5C2000AF873B /* Debug */,
				B839DA4F1C7D5C2000AF873B /* Release */,
			);
			defaultConfigurationIsVisible = 0;
			defaultConfigurationName = Release;
		};
/* End XCConfigurationList section */
	};
	rootObject = B839DA2E1C7D5C2000AF873B /* Project object */;
}
